{
  "object": {
    "pins": [
      {
        "package": "PromiseKit",
        "repositoryURL": "https://github.com/mxcl/PromiseKit.git",
        "state": {
          "branch": null,
          "revision": "14b8506adb3a81abb8a6490887c2ecb632b2bd3c",
          "version": "6.2.5"
        }
      }
    ]
  },
  "version": 1
}
